
Microsoft Visual Studio Solution File, Format Version 12.00
# Visual Studio Version 17
VisualStudioVersion = 17.10.34928.147
MinimumVisualStudioVersion = 10.0.40219.1
Project("{9A19103F-16F7-4668-BE54-9A1E7A4F7556}") = "MauiBlazorApp1", "MauiBlazorApp1\MauiBlazorApp1.csproj", "{83DC7ED3-5F19-40C0-85D1-FFCBCC8004F3}"
EndProject
Global
	GlobalSection(SolutionConfigurationPlatforms) = preSolution
		Debug|Any CPU = Debug|Any CPU
		Release|Any CPU = Release|Any CPU
	EndGlobalSection
	GlobalSection(ProjectConfigurationPlatforms) = postSolution
		{83DC7ED3-5F19-40C0-85D1-FFCBCC8004F3}.Debug|Any CPU.ActiveCfg = Debug|Any CPU
		{83DC7ED3-5F19-40C0-85D1-FFCBCC8004F3}.Debug|Any CPU.Build.0 = Debug|Any CPU
		{83DC7ED3-5F19-40C0-85D1-FFCBCC8004F3}.Debug|Any CPU.Deploy.0 = Debug|Any CPU
		{83DC7ED3-5F19-40C0-85D1-FFCBCC8004F3}.Release|Any CPU.ActiveCfg = Release|Any CPU
		{83DC7ED3-5F19-40C0-85D1-FFCBCC8004F3}.Release|Any CPU.Build.0 = Release|Any CPU
		{83DC7ED3-5F19-40C0-85D1-FFCBCC8004F3}.Release|Any CPU.Deploy.0 = Release|Any CPU
	EndGlobalSection
	GlobalSection(SolutionProperties) = preSolution
		HideSolutionNode = FALSE
	EndGlobalSection
	GlobalSection(ExtensibilityGlobals) = postSolution
		SolutionGuid = {0E1159DC-4B0F-4741-9C38-94350E2ACDB5}
	EndGlobalSection
EndGlobal
